
Microsoft Visual Studio Solution File, Format Version 12.00
# Visual Studio Version 17
VisualStudioVersion = 17.9.34728.123
MinimumVisualStudioVersion = 10.0.40219.1
Project("{FAE04EC0-301F-11D3-BF4B-00C04F79EFBC}") = "gazete", "gazete\gazete.csproj", "{81586804-D508-4089-BE7A-0CCDA27AFB75}"
EndProject
Global
	GlobalSection(SolutionConfigurationPlatforms) = preSolution
		Debug|Any CPU = Debug|Any CPU
		Release|Any CPU = Release|Any CPU
	EndGlobalSection
	GlobalSection(ProjectConfigurationPlatforms) = postSolution
		{81586804-D508-4089-BE7A-0CCDA27AFB75}.Debug|Any CPU.ActiveCfg = Debug|Any CPU
		{81586804-D508-4089-BE7A-0CCDA27AFB75}.Debug|Any CPU.Build.0 = Debug|Any CPU
		{81586804-D508-4089-BE7A-0CCDA27AFB75}.Release|Any CPU.ActiveCfg = Release|Any CPU
		{81586804-D508-4089-BE7A-0CCDA27AFB75}.Release|Any CPU.Build.0 = Release|Any CPU
	EndGlobalSection
	GlobalSection(SolutionProperties) = preSolution
		HideSolutionNode = FALSE
	EndGlobalSection
	GlobalSection(ExtensibilityGlobals) = postSolution
		SolutionGuid = {D321D842-EB54-4177-BF71-B9D7D6919AFC}
	EndGlobalSection
EndGlobal
